// !$*UTF8*$!
{
	archiveVersion = 1;
	classes = {
	};
	objectVersion = 46;
	objects = {

/* Begin PBXBuildFile section */
		A948223288822513F2903124 /* Pods_DLGPlayerExample.framework in Frameworks */ = {isa = PBXBuildFile; fileRef = A97A6156D2BFCBD0B15720A0 /* Pods_DLGPlayerExample.framework */; };
		C11A1E241DED6BAF006256EB /* VideoToolbox.framework in Frameworks */ = {isa = PBXBuildFile; fileRef = C11A1E231DED6BAF006256EB /* VideoToolbox.framework */; };
		C11A1E261DED6C0B006256EB /* CoreMedia.framework in Frameworks */ = {isa = PBXBuildFile; fileRef = C11A1E251DED6C0B006256EB /* CoreMedia.framework */; };
		C11A1E2B1DED6C2C006256EB /* AudioToolbox.framework in Frameworks */ = {isa = PBXBuildFile; fileRef = C11A1E271DED6C14006256EB /* AudioToolbox.framework */; };
		C11A1E3E1DED747D006256EB /* Accelerate.framework in Frameworks */ = {isa = PBXBuildFile; fileRef = C11A1E3D1DED747D006256EB /* Accelerate.framework */; };
		C11A1E401DED757A006256EB /* CoreGraphics.framework in Frameworks */ = {isa = PBXBuildFile; fileRef = C11A1E3F1DED757A006256EB /* CoreGraphics.framework */; };
		C11A1E431DED791A006256EB /* CoreAudio.framework in Frameworks */ = {isa = PBXBuildFile; fileRef = C11A1E291DED6C20006256EB /* CoreAudio.framework */; };
		C11A1E451DED7921006256EB /* QuartzCore.framework in Frameworks */ = {isa = PBXBuildFile; fileRef = C11A1E441DED7921006256EB /* QuartzCore.framework */; };
		C11A1E471DED7928006256EB /* OpenGLES.framework in Frameworks */ = {isa = PBXBuildFile; fileRef = C11A1E461DED7928006256EB /* OpenGLES.framework */; };
		C1C491A11DED4B6A0004B892 /* main.m in Sources */ = {isa = PBXBuildFile; fileRef = C1C491A01DED4B6A0004B892 /* main.m */; };
		C1C491A41DED4B6A0004B892 /* AppDelegate.m in Sources */ = {isa = PBXBuildFile; fileRef = C1C491A31DED4B6A0004B892 /* AppDelegate.m */; };
		C1C491A71DED4B6A0004B892 /* ViewController.m in Sources */ = {isa = PBXBuildFile; fileRef = C1C491A61DED4B6A0004B892 /* ViewController.m */; };
		C1C491AA1DED4B6A0004B892 /* Main.storyboard in Resources */ = {isa = PBXBuildFile; fileRef = C1C491A81DED4B6A0004B892 /* Main.storyboard */; };
		C1C491AC1DED4B6A0004B892 /* Assets.xcassets in Resources */ = {isa = PBXBuildFile; fileRef = C1C491AB1DED4B6A0004B892 /* Assets.xcassets */; };
		C1C491AF1DED4B6A0004B892 /* LaunchScreen.storyboard in Resources */ = {isa = PBXBuildFile; fileRef = C1C491AD1DED4B6A0004B892 /* LaunchScreen.storyboard */; };
		C1C4923D1DED4D020004B892 /* libz.tbd in Frameworks */ = {isa = PBXBuildFile; fileRef = C1C4923C1DED4D020004B892 /* libz.tbd */; };
		C1C4923F1DED4D0C0004B892 /* libbz2.tbd in Frameworks */ = {isa = PBXBuildFile; fileRef = C1C4923E1DED4D0C0004B892 /* libbz2.tbd */; };
		C1C492411DED4D130004B892 /* libiconv.tbd in Frameworks */ = {isa = PBXBuildFile; fileRef = C1C492401DED4D130004B892 /* libiconv.tbd */; };
		E825C4EC1E629870006E1877 /* GCDAsyncSocket.m in Sources */ = {isa = PBXBuildFile; fileRef = E825C4AD1E629870006E1877 /* GCDAsyncSocket.m */; };
		E825C4ED1E629870006E1877 /* GCDAsyncUdpSocket.m in Sources */ = {isa = PBXBuildFile; fileRef = E825C4AF1E629870006E1877 /* GCDAsyncUdpSocket.m */; };
		E825C4EE1E629870006E1877 /* DDData.m in Sources */ = {isa = PBXBuildFile; fileRef = E825C4B31E629870006E1877 /* DDData.m */; };
		E825C4EF1E629870006E1877 /* DDNumber.m in Sources */ = {isa = PBXBuildFile; fileRef = E825C4B51E629870006E1877 /* DDNumber.m */; };
		E825C4F01E629870006E1877 /* DDRange.m in Sources */ = {isa = PBXBuildFile; fileRef = E825C4B71E629870006E1877 /* DDRange.m */; };
		E825C4F11E629870006E1877 /* HTTPAuthenticationRequest.m in Sources */ = {isa = PBXBuildFile; fileRef = E825C4B91E629870006E1877 /* HTTPAuthenticationRequest.m */; };
		E825C4F21E629870006E1877 /* HTTPConnection.m in Sources */ = {isa = PBXBuildFile; fileRef = E825C4BB1E629870006E1877 /* HTTPConnection.m */; settings = {COMPILER_FLAGS = "-Wno-unreachable-code"; }; };
		E825C4F31E629870006E1877 /* HTTPMessage.m in Sources */ = {isa = PBXBuildFile; fileRef = E825C4BE1E629870006E1877 /* HTTPMessage.m */; };
		E825C4F41E629870006E1877 /* HTTPServer.m in Sources */ = {isa = PBXBuildFile; fileRef = E825C4C11E629870006E1877 /* HTTPServer.m */; };
		E825C4F51E629870006E1877 /* MultipartFormDataParser.m in Sources */ = {isa = PBXBuildFile; fileRef = E825C4C41E629870006E1877 /* MultipartFormDataParser.m */; };
		E825C4F61E629870006E1877 /* MultipartMessageHeader.m in Sources */ = {isa = PBXBuildFile; fileRef = E825C4C61E629870006E1877 /* MultipartMessageHeader.m */; };
		E825C4F71E629870006E1877 /* MultipartMessageHeaderField.m in Sources */ = {isa = PBXBuildFile; fileRef = E825C4C81E629870006E1877 /* MultipartMessageHeaderField.m */; };
		E825C4F81E629870006E1877 /* HTTPAsyncFileResponse.m in Sources */ = {isa = PBXBuildFile; fileRef = E825C4CB1E629870006E1877 /* HTTPAsyncFileResponse.m */; };
		E825C4F91E629870006E1877 /* HTTPDataResponse.m in Sources */ = {isa = PBXBuildFile; fileRef = E825C4CD1E629870006E1877 /* HTTPDataResponse.m */; };
		E825C4FA1E629870006E1877 /* HTTPDynamicFileResponse.m in Sources */ = {isa = PBXBuildFile; fileRef = E825C4CF1E629870006E1877 /* HTTPDynamicFileResponse.m */; };
		E825C4FB1E629870006E1877 /* HTTPErrorResponse.m in Sources */ = {isa = PBXBuildFile; fileRef = E825C4D11E629870006E1877 /* HTTPErrorResponse.m */; };
		E825C4FC1E629870006E1877 /* HTTPFileResponse.m in Sources */ = {isa = PBXBuildFile; fileRef = E825C4D31E629870006E1877 /* HTTPFileResponse.m */; };
		E825C4FD1E629870006E1877 /* HTTPRedirectResponse.m in Sources */ = {isa = PBXBuildFile; fileRef = E825C4D51E629870006E1877 /* HTTPRedirectResponse.m */; };
		E825C4FE1E629870006E1877 /* WebSocket.m in Sources */ = {isa = PBXBuildFile; fileRef = E825C4D71E629870006E1877 /* WebSocket.m */; settings = {COMPILER_FLAGS = "-Wno-unused-function -Wno-unreachable-code"; }; };
		E825C4FF1E629870006E1877 /* DDAbstractDatabaseLogger.m in Sources */ = {isa = PBXBuildFile; fileRef = E825C4DA1E629870006E1877 /* DDAbstractDatabaseLogger.m */; };
		E825C5001E629870006E1877 /* DDASLLogger.m in Sources */ = {isa = PBXBuildFile; fileRef = E825C4DC1E629870006E1877 /* DDASLLogger.m */; };
		E825C5011E629870006E1877 /* DDFileLogger.m in Sources */ = {isa = PBXBuildFile; fileRef = E825C4DE1E629870006E1877 /* DDFileLogger.m */; };
		E825C5021E629870006E1877 /* DDLog.m in Sources */ = {isa = PBXBuildFile; fileRef = E825C4E11E629870006E1877 /* DDLog.m */; };
		E825C5031E629870006E1877 /* DDTTYLogger.m in Sources */ = {isa = PBXBuildFile; fileRef = E825C4E31E629870006E1877 /* DDTTYLogger.m */; };
		E825C5041E629870006E1877 /* DDContextFilterLogFormatter.m in Sources */ = {isa = PBXBuildFile; fileRef = E825C4E61E629870006E1877 /* DDContextFilterLogFormatter.m */; };
		E825C5051E629870006E1877 /* DDDispatchQueueLogFormatter.m in Sources */ = {isa = PBXBuildFile; fileRef = E825C4E81E629870006E1877 /* DDDispatchQueueLogFormatter.m */; };
		E825C5061E629870006E1877 /* DDMultiFormatter.m in Sources */ = {isa = PBXBuildFile; fileRef = E825C4EA1E629870006E1877 /* DDMultiFormatter.m */; };
		E825C5071E629870006E1877 /* README.txt in Resources */ = {isa = PBXBuildFile; fileRef = E825C4EB1E629870006E1877 /* README.txt */; };
		E825C5171E6298F7006E1877 /* HTTPUploader.m in Sources */ = {isa = PBXBuildFile; fileRef = E825C5111E6298F7006E1877 /* HTTPUploader.m */; };
		E825C5191E62990F006E1877 /* web in Resources */ = {isa = PBXBuildFile; fileRef = E825C5181E62990F006E1877 /* web */; };
		E825C51C1E629D57006E1877 /* FileManagementViewController.m in Sources */ = {isa = PBXBuildFile; fileRef = E825C51B1E629D57006E1877 /* FileManagementViewController.m */; };
		E825C51F1E629F1E006E1877 /* WebUtils.m in Sources */ = {isa = PBXBuildFile; fileRef = E825C51E1E629F1E006E1877 /* WebUtils.m */; };
		E825C5221E62B398006E1877 /* MainViewController.m in Sources */ = {isa = PBXBuildFile; fileRef = E825C5211E62B398006E1877 /* MainViewController.m */; };
/* End PBXBuildFile section */

/* Begin PBXCopyFilesBuildPhase section */
		C39EFABD222B605700587014 /* Embed Frameworks */ = {
			isa = PBXCopyFilesBuildPhase;
			buildActionMask = 2147483647;
			dstPath = "";
			dstSubfolderSpec = 10;
			files = (
			);
			name = "Embed Frameworks";
			runOnlyForDeploymentPostprocessing = 0;
		};
/* End PBXCopyFilesBuildPhase section */

/* Begin PBXFileReference section */
		60331685DF8566AEE636B71E /* Pods-DLGPlayerExample.debug.xcconfig */ = {isa = PBXFileReference; includeInIndex = 1; lastKnownFileType = text.xcconfig; name = "Pods-DLGPlayerExample.debug.xcconfig"; path = "Pods/Target Support Files/Pods-DLGPlayerExample/Pods-DLGPlayerExample.debug.xcconfig"; sourceTree = "<group>"; };
		A344E7AD62A5819F0316063C /* Pods-DLGPlayerExample.release.xcconfig */ = {isa = PBXFileReference; includeInIndex = 1; lastKnownFileType = text.xcconfig; name = "Pods-DLGPlayerExample.release.xcconfig"; path = "Pods/Target Support Files/Pods-DLGPlayerExample/Pods-DLGPlayerExample.release.xcconfig"; sourceTree = "<group>"; };
		A97A6156D2BFCBD0B15720A0 /* Pods_DLGPlayerExample.framework */ = {isa = PBXFileReference; explicitFileType = wrapper.framework; includeInIndex = 0; path = Pods_DLGPlayerExample.framework; sourceTree = BUILT_PRODUCTS_DIR; };
		C11A1E231DED6BAF006256EB /* VideoToolbox.framework */ = {isa = PBXFileReference; lastKnownFileType = wrapper.framework; name = VideoToolbox.framework; path = System/Library/Frameworks/VideoToolbox.framework; sourceTree = SDKROOT; };
		C11A1E251DED6C0B006256EB /* CoreMedia.framework */ = {isa = PBXFileReference; lastKnownFileType = wrapper.framework; name = CoreMedia.framework; path = System/Library/Frameworks/CoreMedia.framework; sourceTree = SDKROOT; };
		C11A1E271DED6C14006256EB /* AudioToolbox.framework */ = {isa = PBXFileReference; lastKnownFileType = wrapper.framework; name = AudioToolbox.framework; path = System/Library/Frameworks/AudioToolbox.framework; sourceTree = SDKROOT; };
		C11A1E291DED6C20006256EB /* CoreAudio.framework */ = {isa = PBXFileReference; lastKnownFileType = wrapper.framework; name = CoreAudio.framework; path = System/Library/Frameworks/CoreAudio.framework; sourceTree = SDKROOT; };
		C11A1E3D1DED747D006256EB /* Accelerate.framework */ = {isa = PBXFileReference; lastKnownFileType = wrapper.framework; name = Accelerate.framework; path = System/Library/Frameworks/Accelerate.framework; sourceTree = SDKROOT; };
		C11A1E3F1DED757A006256EB /* CoreGraphics.framework */ = {isa = PBXFileReference; lastKnownFileType = wrapper.framework; name = CoreGraphics.framework; path = System/Library/Frameworks/CoreGraphics.framework; sourceTree = SDKROOT; };
		C11A1E411DED7913006256EB /* MediaPlayer.framework */ = {isa = PBXFileReference; lastKnownFileType = wrapper.framework; name = MediaPlayer.framework; path = System/Library/Frameworks/MediaPlayer.framework; sourceTree = SDKROOT; };
		C11A1E441DED7921006256EB /* QuartzCore.framework */ = {isa = PBXFileReference; lastKnownFileType = wrapper.framework; name = QuartzCore.framework; path = System/Library/Frameworks/QuartzCore.framework; sourceTree = SDKROOT; };
		C11A1E461DED7928006256EB /* OpenGLES.framework */ = {isa = PBXFileReference; lastKnownFileType = wrapper.framework; name = OpenGLES.framework; path = System/Library/Frameworks/OpenGLES.framework; sourceTree = SDKROOT; };
		C1C4919C1DED4B6A0004B892 /* DLGPlayerExample.app */ = {isa = PBXFileReference; explicitFileType = wrapper.application; includeInIndex = 0; path = DLGPlayerExample.app; sourceTree = BUILT_PRODUCTS_DIR; };
		C1C491A01DED4B6A0004B892 /* main.m */ = {isa = PBXFileReference; lastKnownFileType = sourcecode.c.objc; path = main.m; sourceTree = "<group>"; };
		C1C491A21DED4B6A0004B892 /* AppDelegate.h */ = {isa = PBXFileReference; lastKnownFileType = sourcecode.c.h; path = AppDelegate.h; sourceTree = "<group>"; };
		C1C491A31DED4B6A0004B892 /* AppDelegate.m */ = {isa = PBXFileReference; lastKnownFileType = sourcecode.c.objc; path = AppDelegate.m; sourceTree = "<group>"; };
		C1C491A51DED4B6A0004B892 /* ViewController.h */ = {isa = PBXFileReference; lastKnownFileType = sourcecode.c.h; path = ViewController.h; sourceTree = "<group>"; };
		C1C491A61DED4B6A0004B892 /* ViewController.m */ = {isa = PBXFileReference; lastKnownFileType = sourcecode.c.objc; path = ViewController.m; sourceTree = "<group>"; };
		C1C491A91DED4B6A0004B892 /* Base */ = {isa = PBXFileReference; lastKnownFileType = file.storyboard; name = Base; path = Base.lproj/Main.storyboard; sourceTree = "<group>"; };
		C1C491AB1DED4B6A0004B892 /* Assets.xcassets */ = {isa = PBXFileReference; lastKnownFileType = folder.assetcatalog; path = Assets.xcassets; sourceTree = "<group>"; };
		C1C491AE1DED4B6A0004B892 /* Base */ = {isa = PBXFileReference; lastKnownFileType = file.storyboard; name = Base; path = Base.lproj/LaunchScreen.storyboard; sourceTree = "<group>"; };
		C1C491B01DED4B6A0004B892 /* Info.plist */ = {isa = PBXFileReference; lastKnownFileType = text.plist.xml; path = Info.plist; sourceTree = "<group>"; };
		C1C4923C1DED4D020004B892 /* libz.tbd */ = {isa = PBXFileReference; lastKnownFileType = "sourcecode.text-based-dylib-definition"; name = libz.tbd; path = usr/lib/libz.tbd; sourceTree = SDKROOT; };
		C1C4923E1DED4D0C0004B892 /* libbz2.tbd */ = {isa = PBXFileReference; lastKnownFileType = "sourcecode.text-based-dylib-definition"; name = libbz2.tbd; path = usr/lib/libbz2.tbd; sourceTree = SDKROOT; };
		C1C492401DED4D130004B892 /* libiconv.tbd */ = {isa = PBXFileReference; lastKnownFileType = "sourcecode.text-based-dylib-definition"; name = libiconv.tbd; path = usr/lib/libiconv.tbd; sourceTree = SDKROOT; };
		E825C4AC1E629870006E1877 /* GCDAsyncSocket.h */ = {isa = PBXFileReference; fileEncoding = 4; lastKnownFileType = sourcecode.c.h; path = GCDAsyncSocket.h; sourceTree = "<group>"; };
		E825C4AD1E629870006E1877 /* GCDAsyncSocket.m */ = {isa = PBXFileReference; fileEncoding = 4; lastKnownFileType = sourcecode.c.objc; path = GCDAsyncSocket.m; sourceTree = "<group>"; };
		E825C4AE1E629870006E1877 /* GCDAsyncUdpSocket.h */ = {isa = PBXFileReference; fileEncoding = 4; lastKnownFileType = sourcecode.c.h; path = GCDAsyncUdpSocket.h; sourceTree = "<group>"; };
		E825C4AF1E629870006E1877 /* GCDAsyncUdpSocket.m */ = {isa = PBXFileReference; fileEncoding = 4; lastKnownFileType = sourcecode.c.objc; path = GCDAsyncUdpSocket.m; sourceTree = "<group>"; };
		E825C4B21E629870006E1877 /* DDData.h */ = {isa = PBXFileReference; fileEncoding = 4; lastKnownFileType = sourcecode.c.h; path = DDData.h; sourceTree = "<group>"; };
		E825C4B31E629870006E1877 /* DDData.m */ = {isa = PBXFileReference; fileEncoding = 4; lastKnownFileType = sourcecode.c.objc; path = DDData.m; sourceTree = "<group>"; };
		E825C4B41E629870006E1877 /* DDNumber.h */ = {isa = PBXFileReference; fileEncoding = 4; lastKnownFileType = sourcecode.c.h; path = DDNumber.h; sourceTree = "<group>"; };
		E825C4B51E629870006E1877 /* DDNumber.m */ = {isa = PBXFileReference; fileEncoding = 4; lastKnownFileType = sourcecode.c.objc; path = DDNumber.m; sourceTree = "<group>"; };
		E825C4B61E629870006E1877 /* DDRange.h */ = {isa = PBXFileReference; fileEncoding = 4; lastKnownFileType = sourcecode.c.h; path = DDRange.h; sourceTree = "<group>"; };
		E825C4B71E629870006E1877 /* DDRange.m */ = {isa = PBXFileReference; fileEncoding = 4; lastKnownFileType = sourcecode.c.objc; path = DDRange.m; sourceTree = "<group>"; };
		E825C4B81E629870006E1877 /* HTTPAuthenticationRequest.h */ = {isa = PBXFileReference; fileEncoding = 4; lastKnownFileType = sourcecode.c.h; path = HTTPAuthenticationRequest.h; sourceTree = "<group>"; };
		E825C4B91E629870006E1877 /* HTTPAuthenticationRequest.m */ = {isa = PBXFileReference; fileEncoding = 4; lastKnownFileType = sourcecode.c.objc; path = HTTPAuthenticationRequest.m; sourceTree = "<group>"; };
		E825C4BA1E629870006E1877 /* HTTPConnection.h */ = {isa = PBXFileReference; fileEncoding = 4; lastKnownFileType = sourcecode.c.h; path = HTTPConnection.h; sourceTree = "<group>"; };
		E825C4BB1E629870006E1877 /* HTTPConnection.m */ = {isa = PBXFileReference; fileEncoding = 4; lastKnownFileType = sourcecode.c.objc; path = HTTPConnection.m; sourceTree = "<group>"; };
		E825C4BC1E629870006E1877 /* HTTPLogging.h */ = {isa = PBXFileReference; fileEncoding = 4; lastKnownFileType = sourcecode.c.h; path = HTTPLogging.h; sourceTree = "<group>"; };
		E825C4BD1E629870006E1877 /* HTTPMessage.h */ = {isa = PBXFileReference; fileEncoding = 4; lastKnownFileType = sourcecode.c.h; path = HTTPMessage.h; sourceTree = "<group>"; };
		E825C4BE1E629870006E1877 /* HTTPMessage.m */ = {isa = PBXFileReference; fileEncoding = 4; lastKnownFileType = sourcecode.c.objc; path = HTTPMessage.m; sourceTree = "<group>"; };
		E825C4BF1E629870006E1877 /* HTTPResponse.h */ = {isa = PBXFileReference; fileEncoding = 4; lastKnownFileType = sourcecode.c.h; path = HTTPResponse.h; sourceTree = "<group>"; };
		E825C4C01E629870006E1877 /* HTTPServer.h */ = {isa = PBXFileReference; fileEncoding = 4; lastKnownFileType = sourcecode.c.h; path = HTTPServer.h; sourceTree = "<group>"; };
		E825C4C11E629870006E1877 /* HTTPServer.m */ = {isa = PBXFileReference; fileEncoding = 4; lastKnownFileType = sourcecode.c.objc; path = HTTPServer.m; sourceTree = "<group>"; };
		E825C4C31E629870006E1877 /* MultipartFormDataParser.h */ = {isa = PBXFileReference; fileEncoding = 4; lastKnownFileType = sourcecode.c.h; path = MultipartFormDataParser.h; sourceTree = "<group>"; };
		E825C4C41E629870006E1877 /* MultipartFormDataParser.m */ = {isa = PBXFileReference; fileEncoding = 4; lastKnownFileType = sourcecode.c.objc; path = MultipartFormDataParser.m; sourceTree = "<group>"; };
		E825C4C51E629870006E1877 /* MultipartMessageHeader.h */ = {isa = PBXFileReference; fileEncoding = 4; lastKnownFileType = sourcecode.c.h; path = MultipartMessageHeader.h; sourceTree = "<group>"; };
		E825C4C61E629870006E1877 /* MultipartMessageHeader.m */ = {isa = PBXFileReference; fileEncoding = 4; lastKnownFileType = sourcecode.c.objc; path = MultipartMessageHeader.m; sourceTree = "<group>"; };
		E825C4C71E629870006E1877 /* MultipartMessageHeaderField.h */ = {isa = PBXFileReference; fileEncoding = 4; lastKnownFileType = sourcecode.c.h; path = MultipartMessageHeaderField.h; sourceTree = "<group>"; };
		E825C4C81E629870006E1877 /* MultipartMessageHeaderField.m */ = {isa = PBXFileReference; fileEncoding = 4; lastKnownFileType = sourcecode.c.objc; path = MultipartMessageHeaderField.m; sourceTree = "<group>"; };
		E825C4CA1E629870006E1877 /* HTTPAsyncFileResponse.h */ = {isa = PBXFileReference; fileEncoding = 4; lastKnownFileType = sourcecode.c.h; path = HTTPAsyncFileResponse.h; sourceTree = "<group>"; };
		E825C4CB1E629870006E1877 /* HTTPAsyncFileResponse.m */ = {isa = PBXFileReference; fileEncoding = 4; lastKnownFileType = sourcecode.c.objc; path = HTTPAsyncFileResponse.m; sourceTree = "<group>"; };
		E825C4CC1E629870006E1877 /* HTTPDataResponse.h */ = {isa = PBXFileReference; fileEncoding = 4; lastKnownFileType = sourcecode.c.h; path = HTTPDataResponse.h; sourceTree = "<group>"; };
		E825C4CD1E629870006E1877 /* HTTPDataResponse.m */ = {isa = PBXFileReference; fileEncoding = 4; lastKnownFileType = sourcecode.c.objc; path = HTTPDataResponse.m; sourceTree = "<group>"; };
		E825C4CE1E629870006E1877 /* HTTPDynamicFileResponse.h */ = {isa = PBXFileReference; fileEncoding = 4; lastKnownFileType = sourcecode.c.h; path = HTTPDynamicFileResponse.h; sourceTree = "<group>"; };
		E825C4CF1E629870006E1877 /* HTTPDynamicFileResponse.m */ = {isa = PBXFileReference; fileEncoding = 4; lastKnownFileType = sourcecode.c.objc; path = HTTPDynamicFileResponse.m; sourceTree = "<group>"; };
		E825C4D01E629870006E1877 /* HTTPErrorResponse.h */ = {isa = PBXFileReference; fileEncoding = 4; lastKnownFileType = sourcecode.c.h; path = HTTPErrorResponse.h; sourceTree = "<group>"; };
		E825C4D11E629870006E1877 /* HTTPErrorResponse.m */ = {isa = PBXFileReference; fileEncoding = 4; lastKnownFileType = sourcecode.c.objc; path = HTTPErrorResponse.m; sourceTree = "<group>"; };
		E825C4D21E629870006E1877 /* HTTPFileResponse.h */ = {isa = PBXFileReference; fileEncoding = 4; lastKnownFileType = sourcecode.c.h; path = HTTPFileResponse.h; sourceTree = "<group>"; };
		E825C4D31E629870006E1877 /* HTTPFileResponse.m */ = {isa = PBXFileReference; fileEncoding = 4; lastKnownFileType = sourcecode.c.objc; path = HTTPFileResponse.m; sourceTree = "<group>"; };
		E825C4D41E629870006E1877 /* HTTPRedirectResponse.h */ = {isa = PBXFileReference; fileEncoding = 4; lastKnownFileType = sourcecode.c.h; path = HTTPRedirectResponse.h; sourceTree = "<group>"; };
		E825C4D51E629870006E1877 /* HTTPRedirectResponse.m */ = {isa = PBXFileReference; fileEncoding = 4; lastKnownFileType = sourcecode.c.objc; path = HTTPRedirectResponse.m; sourceTree = "<group>"; };
		E825C4D61E629870006E1877 /* WebSocket.h */ = {isa = PBXFileReference; fileEncoding = 4; lastKnownFileType = sourcecode.c.h; path = WebSocket.h; sourceTree = "<group>"; };
		E825C4D71E629870006E1877 /* WebSocket.m */ = {isa = PBXFileReference; fileEncoding = 4; lastKnownFileType = sourcecode.c.objc; path = WebSocket.m; sourceTree = "<group>"; };
		E825C4D91E629870006E1877 /* DDAbstractDatabaseLogger.h */ = {isa = PBXFileReference; fileEncoding = 4; lastKnownFileType = sourcecode.c.h; path = DDAbstractDatabaseLogger.h; sourceTree = "<group>"; };
		E825C4DA1E629870006E1877 /* DDAbstractDatabaseLogger.m */ = {isa = PBXFileReference; fileEncoding = 4; lastKnownFileType = sourcecode.c.objc; path = DDAbstractDatabaseLogger.m; sourceTree = "<group>"; };
		E825C4DB1E629870006E1877 /* DDASLLogger.h */ = {isa = PBXFileReference; fileEncoding = 4; lastKnownFileType = sourcecode.c.h; path = DDASLLogger.h; sourceTree = "<group>"; };
		E825C4DC1E629870006E1877 /* DDASLLogger.m */ = {isa = PBXFileReference; fileEncoding = 4; lastKnownFileType = sourcecode.c.objc; path = DDASLLogger.m; sourceTree = "<group>"; };
		E825C4DD1E629870006E1877 /* DDFileLogger.h */ = {isa = PBXFileReference; fileEncoding = 4; lastKnownFileType = sourcecode.c.h; path = DDFileLogger.h; sourceTree = "<group>"; };
		E825C4DE1E629870006E1877 /* DDFileLogger.m */ = {isa = PBXFileReference; fileEncoding = 4; lastKnownFileType = sourcecode.c.objc; path = DDFileLogger.m; sourceTree = "<group>"; };
		E825C4DF1E629870006E1877 /* DDLog+LOGV.h */ = {isa = PBXFileReference; fileEncoding = 4; lastKnownFileType = sourcecode.c.h; path = "DDLog+LOGV.h"; sourceTree = "<group>"; };
		E825C4E01E629870006E1877 /* DDLog.h */ = {isa = PBXFileReference; fileEncoding = 4; lastKnownFileType = sourcecode.c.h; path = DDLog.h; sourceTree = "<group>"; };
		E825C4E11E629870006E1877 /* DDLog.m */ = {isa = PBXFileReference; fileEncoding = 4; lastKnownFileType = sourcecode.c.objc; path = DDLog.m; sourceTree = "<group>"; };
		E825C4E21E629870006E1877 /* DDTTYLogger.h */ = {isa = PBXFileReference; fileEncoding = 4; lastKnownFileType = sourcecode.c.h; path = DDTTYLogger.h; sourceTree = "<group>"; };
		E825C4E31E629870006E1877 /* DDTTYLogger.m */ = {isa = PBXFileReference; fileEncoding = 4; lastKnownFileType = sourcecode.c.objc; path = DDTTYLogger.m; sourceTree = "<group>"; };
		E825C4E51E629870006E1877 /* DDContextFilterLogFormatter.h */ = {isa = PBXFileReference; fileEncoding = 4; lastKnownFileType = sourcecode.c.h; path = DDContextFilterLogFormatter.h; sourceTree = "<group>"; };
		E825C4E61E629870006E1877 /* DDContextFilterLogFormatter.m */ = {isa = PBXFileReference; fileEncoding = 4; lastKnownFileType = sourcecode.c.objc; path = DDContextFilterLogFormatter.m; sourceTree = "<group>"; };
		E825C4E71E629870006E1877 /* DDDispatchQueueLogFormatter.h */ = {isa = PBXFileReference; fileEncoding = 4; lastKnownFileType = sourcecode.c.h; path = DDDispatchQueueLogFormatter.h; sourceTree = "<group>"; };
		E825C4E81E629870006E1877 /* DDDispatchQueueLogFormatter.m */ = {isa = PBXFileReference; fileEncoding = 4; lastKnownFileType = sourcecode.c.objc; path = DDDispatchQueueLogFormatter.m; sourceTree = "<group>"; };
		E825C4E91E629870006E1877 /* DDMultiFormatter.h */ = {isa = PBXFileReference; fileEncoding = 4; lastKnownFileType = sourcecode.c.h; path = DDMultiFormatter.h; sourceTree = "<group>"; };
		E825C4EA1E629870006E1877 /* DDMultiFormatter.m */ = {isa = PBXFileReference; fileEncoding = 4; lastKnownFileType = sourcecode.c.objc; path = DDMultiFormatter.m; sourceTree = "<group>"; };
		E825C4EB1E629870006E1877 /* README.txt */ = {isa = PBXFileReference; fileEncoding = 4; lastKnownFileType = text; path = README.txt; sourceTree = "<group>"; };
		E825C5101E6298F7006E1877 /* HTTPUploader.h */ = {isa = PBXFileReference; fileEncoding = 4; lastKnownFileType = sourcecode.c.h; path = HTTPUploader.h; sourceTree = "<group>"; };
		E825C5111E6298F7006E1877 /* HTTPUploader.m */ = {isa = PBXFileReference; fileEncoding = 4; lastKnownFileType = sourcecode.c.objc; path = HTTPUploader.m; sourceTree = "<group>"; };
		E825C5181E62990F006E1877 /* web */ = {isa = PBXFileReference; lastKnownFileType = folder; path = web; sourceTree = "<group>"; };
		E825C51A1E629D57006E1877 /* FileManagementViewController.h */ = {isa = PBXFileReference; fileEncoding = 4; lastKnownFileType = sourcecode.c.h; path = FileManagementViewController.h; sourceTree = "<group>"; };
		E825C51B1E629D57006E1877 /* FileManagementViewController.m */ = {isa = PBXFileReference; fileEncoding = 4; lastKnownFileType = sourcecode.c.objc; path = FileManagementViewController.m; sourceTree = "<group>"; };
		E825C51D1E629F1E006E1877 /* WebUtils.h */ = {isa = PBXFileReference; fileEncoding = 4; lastKnownFileType = sourcecode.c.h; path = WebUtils.h; sourceTree = "<group>"; };
		E825C51E1E629F1E006E1877 /* WebUtils.m */ = {isa = PBXFileReference; fileEncoding = 4; lastKnownFileType = sourcecode.c.objc; path = WebUtils.m; sourceTree = "<group>"; };
		E825C5201E62B398006E1877 /* MainViewController.h */ = {isa = PBXFileReference; fileEncoding = 4; lastKnownFileType = sourcecode.c.h; path = MainViewController.h; sourceTree = "<group>"; };
		E825C5211E62B398006E1877 /* MainViewController.m */ = {isa = PBXFileReference; fileEncoding = 4; lastKnownFileType = sourcecode.c.objc; path = MainViewController.m; sourceTree = "<group>"; };
/* End PBXFileReference section */

/* Begin PBXFrameworksBuildPhase section */
		C1C491991DED4B670004B892 /* Frameworks */ = {
			isa = PBXFrameworksBuildPhase;
			buildActionMask = 2147483647;
			files = (
				C11A1E471DED7928006256EB /* OpenGLES.framework in Frameworks */,
				C11A1E451DED7921006256EB /* QuartzCore.framework in Frameworks */,
				C11A1E431DED791A006256EB /* CoreAudio.framework in Frameworks */,
				C11A1E401DED757A006256EB /* CoreGraphics.framework in Frameworks */,
				C11A1E3E1DED747D006256EB /* Accelerate.framework in Frameworks */,
				C11A1E2B1DED6C2C006256EB /* AudioToolbox.framework in Frameworks */,
				C11A1E261DED6C0B006256EB /* CoreMedia.framework in Frameworks */,
				C11A1E241DED6BAF006256EB /* VideoToolbox.framework in Frameworks */,
				C1C492411DED4D130004B892 /* libiconv.tbd in Frameworks */,
				C1C4923F1DED4D0C0004B892 /* libbz2.tbd in Frameworks */,
				C1C4923D1DED4D020004B892 /* libz.tbd in Frameworks */,
				A948223288822513F2903124 /* Pods_DLGPlayerExample.framework in Frameworks */,
			);
			runOnlyForDeploymentPostprocessing = 0;
		};
/* End PBXFrameworksBuildPhase section */

/* Begin PBXGroup section */
		7FA3F54F9D08B10CBA7C4C36 /* Pods */ = {
			isa = PBXGroup;
			children = (
				60331685DF8566AEE636B71E /* Pods-DLGPlayerExample.debug.xcconfig */,
				A344E7AD62A5819F0316063C /* Pods-DLGPlayerExample.release.xcconfig */,
			);
			name = Pods;
			sourceTree = "<group>";
		};
		C1C491931DED4B670004B892 = {
			isa = PBXGroup;
			children = (
				C1C4919E1DED4B6A0004B892 /* DLGPlayerExample */,
				C1C4919D1DED4B6A0004B892 /* Products */,
				C1C4923B1DED4D020004B892 /* Frameworks */,
				7FA3F54F9D08B10CBA7C4C36 /* Pods */,
			);
			sourceTree = "<group>";
		};
		C1C4919D1DED4B6A0004B892 /* Products */ = {
			isa = PBXGroup;
			children = (
				C1C4919C1DED4B6A0004B892 /* DLGPlayerExample.app */,
			);
			name = Products;
			sourceTree = "<group>";
		};
		C1C4919E1DED4B6A0004B892 /* DLGPlayerExample */ = {
			isa = PBXGroup;
			children = (
				C1C491B61DED4BE80004B892 /* Externals */,
				E825C50F1E6298F7006E1877 /* Web */,
				C1C491A21DED4B6A0004B892 /* AppDelegate.h */,
				C1C491A31DED4B6A0004B892 /* AppDelegate.m */,
				C1C491A51DED4B6A0004B892 /* ViewController.h */,
				C1C491A61DED4B6A0004B892 /* ViewController.m */,
				E825C5201E62B398006E1877 /* MainViewController.h */,
				E825C5211E62B398006E1877 /* MainViewController.m */,
				C1C491A81DED4B6A0004B892 /* Main.storyboard */,
				C1C491AB1DED4B6A0004B892 /* Assets.xcassets */,
				C1C491AD1DED4B6A0004B892 /* LaunchScreen.storyboard */,
				C1C491B01DED4B6A0004B892 /* Info.plist */,
				E825C5081E6298F7006E1877 /* Resources */,
				C1C4919F1DED4B6A0004B892 /* Supporting Files */,
			);
			path = DLGPlayerExample;
			sourceTree = "<group>";
		};
		C1C4919F1DED4B6A0004B892 /* Supporting Files */ = {
			isa = PBXGroup;
			children = (
				C1C491A01DED4B6A0004B892 /* main.m */,
			);
			name = "Supporting Files";
			sourceTree = "<group>";
		};
		C1C491B61DED4BE80004B892 /* Externals */ = {
			isa = PBXGroup;
			children = (
				E825C4AB1E629870006E1877 /* CocoaAsyncSocket */,
				E825C4B01E629870006E1877 /* CocoaHTTPServer */,
				E825C4D81E629870006E1877 /* CocoaLumberjack */,
			);
			path = Externals;
			sourceTree = "<group>";
		};
		C1C4923B1DED4D020004B892 /* Frameworks */ = {
			isa = PBXGroup;
			children = (
				C11A1E461DED7928006256EB /* OpenGLES.framework */,
				C11A1E441DED7921006256EB /* QuartzCore.framework */,
				C11A1E411DED7913006256EB /* MediaPlayer.framework */,
				C11A1E3F1DED757A006256EB /* CoreGraphics.framework */,
				C11A1E3D1DED747D006256EB /* Accelerate.framework */,
				C11A1E291DED6C20006256EB /* CoreAudio.framework */,
				C11A1E271DED6C14006256EB /* AudioToolbox.framework */,
				C11A1E251DED6C0B006256EB /* CoreMedia.framework */,
				C11A1E231DED6BAF006256EB /* VideoToolbox.framework */,
				C1C492401DED4D130004B892 /* libiconv.tbd */,
				C1C4923E1DED4D0C0004B892 /* libbz2.tbd */,
				C1C4923C1DED4D020004B892 /* libz.tbd */,
				A97A6156D2BFCBD0B15720A0 /* Pods_DLGPlayerExample.framework */,
			);
			name = Frameworks;
			sourceTree = "<group>";
		};
		E825C4AB1E629870006E1877 /* CocoaAsyncSocket */ = {
			isa = PBXGroup;
			children = (
				E825C4AC1E629870006E1877 /* GCDAsyncSocket.h */,
				E825C4AD1E629870006E1877 /* GCDAsyncSocket.m */,
				E825C4AE1E629870006E1877 /* GCDAsyncUdpSocket.h */,
				E825C4AF1E629870006E1877 /* GCDAsyncUdpSocket.m */,
			);
			path = CocoaAsyncSocket;
			sourceTree = "<group>";
		};
		E825C4B01E629870006E1877 /* CocoaHTTPServer */ = {
			isa = PBXGroup;
			children = (
				E825C4B11E629870006E1877 /* Categories */,
				E825C4B81E629870006E1877 /* HTTPAuthenticationRequest.h */,
				E825C4B91E629870006E1877 /* HTTPAuthenticationRequest.m */,
				E825C4BA1E629870006E1877 /* HTTPConnection.h */,
				E825C4BB1E629870006E1877 /* HTTPConnection.m */,
				E825C4BC1E629870006E1877 /* HTTPLogging.h */,
				E825C4BD1E629870006E1877 /* HTTPMessage.h */,
				E825C4BE1E629870006E1877 /* HTTPMessage.m */,
				E825C4BF1E629870006E1877 /* HTTPResponse.h */,
				E825C4C01E629870006E1877 /* HTTPServer.h */,
				E825C4C11E629870006E1877 /* HTTPServer.m */,
				E825C4C21E629870006E1877 /* Mime */,
				E825C4C91E629870006E1877 /* Responses */,
				E825C4D61E629870006E1877 /* WebSocket.h */,
				E825C4D71E629870006E1877 /* WebSocket.m */,
			);
			path = CocoaHTTPServer;
			sourceTree = "<group>";
		};
		E825C4B11E629870006E1877 /* Categories */ = {
			isa = PBXGroup;
			children = (
				E825C4B21E629870006E1877 /* DDData.h */,
				E825C4B31E629870006E1877 /* DDData.m */,
				E825C4B41E629870006E1877 /* DDNumber.h */,
				E825C4B51E629870006E1877 /* DDNumber.m */,
				E825C4B61E629870006E1877 /* DDRange.h */,
				E825C4B71E629870006E1877 /* DDRange.m */,
			);
			path = Categories;
			sourceTree = "<group>";
		};
		E825C4C21E629870006E1877 /* Mime */ = {
			isa = PBXGroup;
			children = (
				E825C4C31E629870006E1877 /* MultipartFormDataParser.h */,
				E825C4C41E629870006E1877 /* MultipartFormDataParser.m */,
				E825C4C51E629870006E1877 /* MultipartMessageHeader.h */,
				E825C4C61E629870006E1877 /* MultipartMessageHeader.m */,
				E825C4C71E629870006E1877 /* MultipartMessageHeaderField.h */,
				E825C4C81E629870006E1877 /* MultipartMessageHeaderField.m */,
			);
			path = Mime;
			sourceTree = "<group>";
		};
		E825C4C91E629870006E1877 /* Responses */ = {
			isa = PBXGroup;
			children = (
				E825C4CA1E629870006E1877 /* HTTPAsyncFileResponse.h */,
				E825C4CB1E629870006E1877 /* HTTPAsyncFileResponse.m */,
				E825C4CC1E629870006E1877 /* HTTPDataResponse.h */,
				E825C4CD1E629870006E1877 /* HTTPDataResponse.m */,
				E825C4CE1E629870006E1877 /* HTTPDynamicFileResponse.h */,
				E825C4CF1E629870006E1877 /* HTTPDynamicFileResponse.m */,
				E825C4D01E629870006E1877 /* HTTPErrorResponse.h */,
				E825C4D11E629870006E1877 /* HTTPErrorResponse.m */,
				E825C4D21E629870006E1877 /* HTTPFileResponse.h */,
				E825C4D31E629870006E1877 /* HTTPFileResponse.m */,
				E825C4D41E629870006E1877 /* HTTPRedirectResponse.h */,
				E825C4D51E629870006E1877 /* HTTPRedirectResponse.m */,
			);
			path = Responses;
			sourceTree = "<group>";
		};
		E825C4D81E629870006E1877 /* CocoaLumberjack */ = {
			isa = PBXGroup;
			children = (
				E825C4D91E629870006E1877 /* DDAbstractDatabaseLogger.h */,
				E825C4DA1E629870006E1877 /* DDAbstractDatabaseLogger.m */,
				E825C4DB1E629870006E1877 /* DDASLLogger.h */,
				E825C4DC1E629870006E1877 /* DDASLLogger.m */,
				E825C4DD1E629870006E1877 /* DDFileLogger.h */,
				E825C4DE1E629870006E1877 /* DDFileLogger.m */,
				E825C4DF1E629870006E1877 /* DDLog+LOGV.h */,
				E825C4E01E629870006E1877 /* DDLog.h */,
				E825C4E11E629870006E1877 /* DDLog.m */,
				E825C4E21E629870006E1877 /* DDTTYLogger.h */,
				E825C4E31E629870006E1877 /* DDTTYLogger.m */,
				E825C4E41E629870006E1877 /* Extensions */,
			);
			path = CocoaLumberjack;
			sourceTree = "<group>";
		};
		E825C4E41E629870006E1877 /* Extensions */ = {
			isa = PBXGroup;
			children = (
				E825C4E51E629870006E1877 /* DDContextFilterLogFormatter.h */,
				E825C4E61E629870006E1877 /* DDContextFilterLogFormatter.m */,
				E825C4E71E629870006E1877 /* DDDispatchQueueLogFormatter.h */,
				E825C4E81E629870006E1877 /* DDDispatchQueueLogFormatter.m */,
				E825C4E91E629870006E1877 /* DDMultiFormatter.h */,
				E825C4EA1E629870006E1877 /* DDMultiFormatter.m */,
				E825C4EB1E629870006E1877 /* README.txt */,
			);
			path = Extensions;
			sourceTree = "<group>";
		};
		E825C5081E6298F7006E1877 /* Resources */ = {
			isa = PBXGroup;
			children = (
				E825C5181E62990F006E1877 /* web */,
			);
			path = Resources;
			sourceTree = "<group>";
		};
		E825C50F1E6298F7006E1877 /* Web */ = {
			isa = PBXGroup;
			children = (
				E825C5101E6298F7006E1877 /* HTTPUploader.h */,
				E825C5111E6298F7006E1877 /* HTTPUploader.m */,
				E825C51D1E629F1E006E1877 /* WebUtils.h */,
				E825C51E1E629F1E006E1877 /* WebUtils.m */,
				E825C51A1E629D57006E1877 /* FileManagementViewController.h */,
				E825C51B1E629D57006E1877 /* FileManagementViewController.m */,
			);
			path = Web;
			sourceTree = "<group>";
		};
/* End PBXGroup section */

/* Begin PBXNativeTarget section */
		C1C4919B1DED4B670004B892 /* DLGPlayerExample */ = {
			isa = PBXNativeTarget;
			buildConfigurationList = C1C491B31DED4B6A0004B892 /* Build configuration list for PBXNativeTarget "DLGPlayerExample" */;
			buildPhases = (
				853F15064F73F78EBD5B4D78 /* [CP] Check Pods Manifest.lock */,
				C1C491981DED4B670004B892 /* Sources */,
				C1C491991DED4B670004B892 /* Frameworks */,
				C1C4919A1DED4B670004B892 /* Resources */,
				C39EFABD222B605700587014 /* Embed Frameworks */,
				919C09BC0F73DB79549AB73D /* [CP] Embed Pods Frameworks */,
			);
			buildRules = (
			);
			dependencies = (
			);
			name = DLGPlayerExample;
			productName = DLGPlayer;
			productReference = C1C4919C1DED4B6A0004B892 /* DLGPlayerExample.app */;
			productType = "com.apple.product-type.application";
		};
/* End PBXNativeTarget section */

/* Begin PBXProject section */
		C1C491941DED4B670004B892 /* Project object */ = {
			isa = PBXProject;
			attributes = {
				LastUpgradeCheck = 0920;
				ORGANIZATIONNAME = "Liu Junqi";
				TargetAttributes = {
					C1C4919B1DED4B670004B892 = {
						CreatedOnToolsVersion = 8.1;
						DevelopmentTeam = 63PCR2P9LY;
						ProvisioningStyle = Automatic;
					};
				};
			};
			buildConfigurationList = C1C491971DED4B670004B892 /* Build configuration list for PBXProject "DLGPlayerExample" */;
			compatibilityVersion = "Xcode 3.2";
			developmentRegion = English;
			hasScannedForEncodings = 0;
			knownRegions = (
				en,
				Base,
				"zh-Hans",
			);
			mainGroup = C1C491931DED4B670004B892;
			productRefGroup = C1C4919D1DED4B6A0004B892 /* Products */;
			projectDirPath = "";
			projectRoot = "";
			targets = (
				C1C4919B1DED4B670004B892 /* DLGPlayerExample */,
			);
		};
/* End PBXProject section */

/* Begin PBXResourcesBuildPhase section */
		C1C4919A1DED4B670004B892 /* Resources */ = {
			isa = PBXResourcesBuildPhase;
			buildActionMask = 2147483647;
			files = (
				E825C5191E62990F006E1877 /* web in Resources */,
				C1C491AF1DED4B6A0004B892 /* LaunchScreen.storyboard in Resources */,
				C1C491AC1DED4B6A0004B892 /* Assets.xcassets in Resources */,
				C1C491AA1DED4B6A0004B892 /* Main.storyboard in Resources */,
				E825C5071E629870006E1877 /* README.txt in Resources */,
			);
			runOnlyForDeploymentPostprocessing = 0;
		};
/* End PBXResourcesBuildPhase section */

/* Begin PBXShellScriptBuildPhase section */
		853F15064F73F78EBD5B4D78 /* [CP] Check Pods Manifest.lock */ = {
			isa = PBXShellScriptBuildPhase;
			buildActionMask = 2147483647;
			files = (
			);
			inputPaths = (
				"${PODS_PODFILE_DIR_PATH}/Podfile.lock",
				"${PODS_ROOT}/Manifest.lock",
			);
			name = "[CP] Check Pods Manifest.lock";
			outputPaths = (
				"$(DERIVED_FILE_DIR)/Pods-DLGPlayerExample-checkManifestLockResult.txt",
			);
			runOnlyForDeploymentPostprocessing = 0;
			shellPath = /bin/sh;
			shellScript = "diff \"${PODS_PODFILE_DIR_PATH}/Podfile.lock\" \"${PODS_ROOT}/Manifest.lock\" > /dev/null\nif [ $? != 0 ] ; then\n    # print error to STDERR\n    echo \"error: The sandbox is not in sync with the Podfile.lock. Run 'pod install' or update your CocoaPods installation.\" >&2\n    exit 1\nfi\n# This output is used by Xcode 'outputs' to avoid re-running this script phase.\necho \"SUCCESS\" > \"${SCRIPT_OUTPUT_FILE_0}\"\n";
			showEnvVarsInLog = 0;
		};
		919C09BC0F73DB79549AB73D /* [CP] Embed Pods Frameworks */ = {
			isa = PBXShellScriptBuildPhase;
			buildActionMask = 2147483647;
			files = (
			);
			inputFileListPaths = (
			);
			inputPaths = (
				"${PODS_ROOT}/Target Support Files/Pods-DLGPlayerExample/Pods-DLGPlayerExample-frameworks.sh",
				"${BUILT_PRODUCTS_DIR}/DLGPlayer/DLGPlayer.framework",
			);
			name = "[CP] Embed Pods Frameworks";
			outputFileListPaths = (
			);
			outputPaths = (
				"${TARGET_BUILD_DIR}/${FRAMEWORKS_FOLDER_PATH}/DLGPlayer.framework",
			);
			runOnlyForDeploymentPostprocessing = 0;
			shellPath = /bin/sh;
			shellScript = "\"${PODS_ROOT}/Target Support Files/Pods-DLGPlayerExample/Pods-DLGPlayerExample-frameworks.sh\"\n";
			showEnvVarsInLog = 0;
		};
/* End PBXShellScriptBuildPhase section */

/* Begin PBXSourcesBuildPhase section */
		C1C491981DED4B670004B892 /* Sources */ = {
			isa = PBXSourcesBuildPhase;
			buildActionMask = 2147483647;
			files = (
				E825C4EF1E629870006E1877 /* DDNumber.m in Sources */,
				C1C491A71DED4B6A0004B892 /* ViewController.m in Sources */,
				E825C4F61E629870006E1877 /* MultipartMessageHeader.m in Sources */,
				E825C5041E629870006E1877 /* DDContextFilterLogFormatter.m in Sources */,
				E825C4F21E629870006E1877 /* HTTPConnection.m in Sources */,
				E825C4EE1E629870006E1877 /* DDData.m in Sources */,
				E825C4F51E629870006E1877 /* MultipartFormDataParser.m in Sources */,
				E825C4FA1E629870006E1877 /* HTTPDynamicFileResponse.m in Sources */,
				E825C5221E62B398006E1877 /* MainViewController.m in Sources */,
				E825C4F31E629870006E1877 /* HTTPMessage.m in Sources */,
				E825C5061E629870006E1877 /* DDMultiFormatter.m in Sources */,
				E825C4FC1E629870006E1877 /* HTTPFileResponse.m in Sources */,
				E825C4EC1E629870006E1877 /* GCDAsyncSocket.m in Sources */,
				E825C5031E629870006E1877 /* DDTTYLogger.m in Sources */,
				C1C491A41DED4B6A0004B892 /* AppDelegate.m in Sources */,
				E825C4F71E629870006E1877 /* MultipartMessageHeaderField.m in Sources */,
				E825C4FE1E629870006E1877 /* WebSocket.m in Sources */,
				C1C491A11DED4B6A0004B892 /* main.m in Sources */,
				E825C5001E629870006E1877 /* DDASLLogger.m in Sources */,
				E825C4FD1E629870006E1877 /* HTTPRedirectResponse.m in Sources */,
				E825C51F1E629F1E006E1877 /* WebUtils.m in Sources */,
				E825C51C1E629D57006E1877 /* FileManagementViewController.m in Sources */,
				E825C4F01E629870006E1877 /* DDRange.m in Sources */,
				E825C5051E629870006E1877 /* DDDispatchQueueLogFormatter.m in Sources */,
				E825C5021E629870006E1877 /* DDLog.m in Sources */,
				E825C5011E629870006E1877 /* DDFileLogger.m in Sources */,
				E825C4F11E629870006E1877 /* HTTPAuthenticationRequest.m in Sources */,
				E825C4ED1E629870006E1877 /* GCDAsyncUdpSocket.m in Sources */,
				E825C5171E6298F7006E1877 /* HTTPUploader.m in Sources */,
				E825C4FB1E629870006E1877 /* HTTPErrorResponse.m in Sources */,
				E825C4F41E629870006E1877 /* HTTPServer.m in Sources */,
				E825C4F91E629870006E1877 /* HTTPDataResponse.m in Sources */,
				E825C4FF1E629870006E1877 /* DDAbstractDatabaseLogger.m in Sources */,
				E825C4F81E629870006E1877 /* HTTPAsyncFileResponse.m in Sources */,
			);
			runOnlyForDeploymentPostprocessing = 0;
		};
/* End PBXSourcesBuildPhase section */

/* Begin PBXVariantGroup section */
		C1C491A81DED4B6A0004B892 /* Main.storyboard */ = {
			isa = PBXVariantGroup;
			children = (
				C1C491A91DED4B6A0004B892 /* Base */,
			);
			name = Main.storyboard;
			sourceTree = "<group>";
		};
		C1C491AD1DED4B6A0004B892 /* LaunchScreen.storyboard */ = {
			isa = PBXVariantGroup;
			children = (
				C1C491AE1DED4B6A0004B892 /* Base */,
			);
			name = LaunchScreen.storyboard;
			sourceTree = "<group>";
		};
/* End PBXVariantGroup section */

/* Begin XCBuildConfiguration section */
		C1C491B11DED4B6A0004B892 /* Debug */ = {
			isa = XCBuildConfiguration;
			buildSettings = {
				ALWAYS_SEARCH_USER_PATHS = NO;
				CLANG_ANALYZER_LOCALIZABILITY_NONLOCALIZED = YES;
				CLANG_ANALYZER_NONNULL = YES;
				CLANG_CXX_LANGUAGE_STANDARD = "gnu++0x";
				CLANG_CXX_LIBRARY = "libc++";
				CLANG_ENABLE_MODULES = YES;
				CLANG_ENABLE_OBJC_ARC = YES;
				CLANG_WARN_BLOCK_CAPTURE_AUTORELEASING = YES;
				CLANG_WARN_BOOL_CONVERSION = YES;
				CLANG_WARN_COMMA = YES;
				CLANG_WARN_CONSTANT_CONVERSION = YES;
				CLANG_WARN_DIRECT_OBJC_ISA_USAGE = YES_ERROR;
				CLANG_WARN_DOCUMENTATION_COMMENTS = YES;
				CLANG_WARN_EMPTY_BODY = YES;
				CLANG_WARN_ENUM_CONVERSION = YES;
				CLANG_WARN_INFINITE_RECURSION = YES;
				CLANG_WARN_INT_CONVERSION = YES;
				CLANG_WARN_NON_LITERAL_NULL_CONVERSION = YES;
				CLANG_WARN_OBJC_LITERAL_CONVERSION = YES;
				CLANG_WARN_OBJC_ROOT_CLASS = YES_ERROR;
				CLANG_WARN_RANGE_LOOP_ANALYSIS = YES;
				CLANG_WARN_STRICT_PROTOTYPES = YES;
				CLANG_WARN_SUSPICIOUS_MOVE = YES;
				CLANG_WARN_SUSPICIOUS_MOVES = YES;
				CLANG_WARN_UNREACHABLE_CODE = YES;
				CLANG_WARN__DUPLICATE_METHOD_MATCH = YES;
				"CODE_SIGN_IDENTITY[sdk=iphoneos*]" = "iPhone Developer";
				COPY_PHASE_STRIP = NO;
				DEBUG_INFORMATION_FORMAT = dwarf;
				ENABLE_STRICT_OBJC_MSGSEND = YES;
				ENABLE_TESTABILITY = YES;
				GCC_C_LANGUAGE_STANDARD = gnu99;
				GCC_DYNAMIC_NO_PIC = NO;
				GCC_NO_COMMON_BLOCKS = YES;
				GCC_OPTIMIZATION_LEVEL = 0;
				GCC_PREPROCESSOR_DEFINITIONS = (
					"DEBUG=1",
					"$(inherited)",
				);
				GCC_WARN_64_TO_32_BIT_CONVERSION = YES;
				GCC_WARN_ABOUT_RETURN_TYPE = YES_ERROR;
				GCC_WARN_UNDECLARED_SELECTOR = YES;
				GCC_WARN_UNINITIALIZED_AUTOS = YES_AGGRESSIVE;
				GCC_WARN_UNUSED_FUNCTION = YES;
				GCC_WARN_UNUSED_VARIABLE = YES;
				IPHONEOS_DEPLOYMENT_TARGET = 10.0;
				MTL_ENABLE_DEBUG_INFO = YES;
				ONLY_ACTIVE_ARCH = YES;
				SDKROOT = iphoneos;
				TARGETED_DEVICE_FAMILY = "1,2";
			};
			name = Debug;
		};
		C1C491B21DED4B6A0004B892 /* Release */ = {
			isa = XCBuildConfiguration;
			buildSettings = {
				ALWAYS_SEARCH_USER_PATHS = NO;
				CLANG_ANALYZER_LOCALIZABILITY_NONLOCALIZED = YES;
				CLANG_ANALYZER_NONNULL = YES;
				CLANG_CXX_LANGUAGE_STANDARD = "gnu++0x";
				CLANG_CXX_LIBRARY = "libc++";
				CLANG_ENABLE_MODULES = YES;
				CLANG_ENABLE_OBJC_ARC = YES;
				CLANG_WARN_BLOCK_CAPTURE_AUTORELEASING = YES;
				CLANG_WARN_BOOL_CONVERSION = YES;
				CLANG_WARN_COMMA = YES;
				CLANG_WARN_CONSTANT_CONVERSION = YES;
				CLANG_WARN_DIRECT_OBJC_ISA_USAGE = YES_ERROR;
				CLANG_WARN_DOCUMENTATION_COMMENTS = YES;
				CLANG_WARN_EMPTY_BODY = YES;
				CLANG_WARN_ENUM_CONVERSION = YES;
				CLANG_WARN_INFINITE_RECURSION = YES;
				CLANG_WARN_INT_CONVERSION = YES;
				CLANG_WARN_NON_LITERAL_NULL_CONVERSION = YES;
				CLANG_WARN_OBJC_LITERAL_CONVERSION = YES;
				CLANG_WARN_OBJC_ROOT_CLASS = YES_ERROR;
				CLANG_WARN_RANGE_LOOP_ANALYSIS = YES;
				CLANG_WARN_STRICT_PROTOTYPES = YES;
				CLANG_WARN_SUSPICIOUS_MOVE = YES;
				CLANG_WARN_SUSPICIOUS_MOVES = YES;
				CLANG_WARN_UNREACHABLE_CODE = YES;
				CLANG_WARN__DUPLICATE_METHOD_MATCH = YES;
				"CODE_SIGN_IDENTITY[sdk=iphoneos*]" = "iPhone Developer";
				COPY_PHASE_STRIP = NO;
				DEBUG_INFORMATION_FORMAT = "dwarf-with-dsym";
				ENABLE_NS_ASSERTIONS = NO;
				ENABLE_STRICT_OBJC_MSGSEND = YES;
				GCC_C_LANGUAGE_STANDARD = gnu99;
				GCC_NO_COMMON_BLOCKS = YES;
				GCC_WARN_64_TO_32_BIT_CONVERSION = YES;
				GCC_WARN_ABOUT_RETURN_TYPE = YES_ERROR;
				GCC_WARN_UNDECLARED_SELECTOR = YES;
				GCC_WARN_UNINITIALIZED_AUTOS = YES_AGGRESSIVE;
				GCC_WARN_UNUSED_FUNCTION = YES;
				GCC_WARN_UNUSED_VARIABLE = YES;
				IPHONEOS_DEPLOYMENT_TARGET = 10.0;
				MTL_ENABLE_DEBUG_INFO = NO;
				SDKROOT = iphoneos;
				TARGETED_DEVICE_FAMILY = "1,2";
				VALIDATE_PRODUCT = YES;
			};
			name = Release;
		};
		C1C491B41DED4B6A0004B892 /* Debug */ = {
			isa = XCBuildConfiguration;
			baseConfigurationReference = 60331685DF8566AEE636B71E /* Pods-DLGPlayerExample.debug.xcconfig */;
			buildSettings = {
				ASSETCATALOG_COMPILER_APPICON_NAME = AppIcon;
				CLANG_WARN_DOCUMENTATION_COMMENTS = NO;
				DEVELOPMENT_TEAM = 63PCR2P9LY;
				HEADER_SEARCH_PATHS = "$(PROJECT_DIR)/DLGPlayer/Externals/ffmpeg/include";
				LD_RUNPATH_SEARCH_PATHS = "$(inherited) @executable_path/Frameworks";
				LIBRARY_SEARCH_PATHS = (
					"$(inherited)",
					"$(PROJECT_DIR)/DLGPlayer/Externals/ffmpeg/lib",
					"$(PROJECT_DIR)/DLGPlayer/Externals/openssl/lib",
				);
				ONLY_ACTIVE_ARCH = YES;
				PRODUCT_BUNDLE_IDENTIFIER = cn.devileo.DLGPlayer;
				PRODUCT_NAME = "$(TARGET_NAME)";
				VALID_ARCHS = "arm64 armv7 armv7s";
			};
			name = Debug;
		};
		C1C491B51DED4B6A0004B892 /* Release */ = {
			isa = XCBuildConfiguration;
			baseConfigurationReference = A344E7AD62A5819F0316063C /* Pods-DLGPlayerExample.release.xcconfig */;
			buildSettings = {
				ASSETCATALOG_COMPILER_APPICON_NAME = AppIcon;
				CLANG_WARN_DOCUMENTATION_COMMENTS = NO;
				DEVELOPMENT_TEAM = 63PCR2P9LY;
				HEADER_SEARCH_PATHS = "$(PROJECT_DIR)/DLGPlayer/Externals/ffmpeg/include";
				LD_RUNPATH_SEARCH_PATHS = "$(inherited) @executable_path/Frameworks";
				LIBRARY_SEARCH_PATHS = (
					"$(inherited)",
					"$(PROJECT_DIR)/DLGPlayer/Externals/ffmpeg/lib",
					"$(PROJECT_DIR)/DLGPlayer/Externals/openssl/lib",
				);
				ONLY_ACTIVE_ARCH = NO;
				PRODUCT_BUNDLE_IDENTIFIER = cn.devileo.DLGPlayer;
				PRODUCT_NAME = "$(TARGET_NAME)";
				VALID_ARCHS = "arm64 armv7 armv7s";
			};
			name = Release;
		};
/* End XCBuildConfiguration section */

/* Begin XCConfigurationList section */
		C1C491971DED4B670004B892 /* Build configuration list for PBXProject "DLGPlayerExample" */ = {
			isa = XCConfigurationList;
			buildConfigurations = (
				C1C491B11DED4B6A0004B892 /* Debug */,
				C1C491B21DED4B6A0004B892 /* Release */,
			);
			defaultConfigurationIsVisible = 0;
			defaultConfigurationName = Release;
		};
		C1C491B31DED4B6A0004B892 /* Build configuration list for PBXNativeTarget "DLGPlayerExample" */ = {
			isa = XCConfigurationList;
			buildConfigurations = (
				C1C491B41DED4B6A0004B892 /* Debug */,
				C1C491B51DED4B6A0004B892 /* Release */,
			);
			defaultConfigurationIsVisible = 0;
			defaultConfigurationName = Release;
		};
/* End XCConfigurationList section */
	};
	rootObject = C1C491941DED4B670004B892 /* Project object */;
}
